
Microsoft Visual Studio Solution File, Format Version 12.00
# Visual Studio Version 17
VisualStudioVersion = 17.0.31903.59
MinimumVisualStudioVersion = 10.0.40219.1
Project("{FAE04EC0-301F-11D3-BF4B-00C04F79EFBC}") = "TaskManagementSystem.GrpcLib", "TaskManagementSystem.GrpcLib\TaskManagementSystem.GrpcLib.csproj", "{BE7A52F4-9A53-4D62-910E-984AF8E06AFC}"
EndProject
Project("{FAE04EC0-301F-11D3-BF4B-00C04F79EFBC}") = "TaskManagementSystem.SharedLib", "TaskManagementSystem.SharedLib\TaskManagementSystem.SharedLib.csproj", "{FF8E8C05-5A8D-4976-BFD8-C9B251EC639E}"
EndProject
Project("{FAE04EC0-301F-11D3-BF4B-00C04F79EFBC}") = "TaskManagementSystem.TaskService", "TaskManagementSystem.TaskService\TaskManagementSystem.TaskService.csproj", "{AF2590B8-A14C-43A3-94F2-FEE4D5F28E1C}"
EndProject
Global
	GlobalSection(SolutionConfigurationPlatforms) = preSolution
		Debug|Any CPU = Debug|Any CPU
		Debug|x64 = Debug|x64
		Debug|x86 = Debug|x86
		Release|Any CPU = Release|Any CPU
		Release|x64 = Release|x64
		Release|x86 = Release|x86
	EndGlobalSection
	GlobalSection(ProjectConfigurationPlatforms) = postSolution
		{BE7A52F4-9A53-4D62-910E-984AF8E06AFC}.Debug|Any CPU.ActiveCfg = Debug|Any CPU
		{BE7A52F4-9A53-4D62-910E-984AF8E06AFC}.Debug|Any CPU.Build.0 = Debug|Any CPU
		{BE7A52F4-9A53-4D62-910E-984AF8E06AFC}.Debug|x64.ActiveCfg = Debug|Any CPU
		{BE7A52F4-9A53-4D62-910E-984AF8E06AFC}.Debug|x64.Build.0 = Debug|Any CPU
		{BE7A52F4-9A53-4D62-910E-984AF8E06AFC}.Debug|x86.ActiveCfg = Debug|Any CPU
		{BE7A52F4-9A53-4D62-910E-984AF8E06AFC}.Debug|x86.Build.0 = Debug|Any CPU
		{BE7A52F4-9A53-4D62-910E-984AF8E06AFC}.Release|Any CPU.ActiveCfg = Release|Any CPU
		{BE7A52F4-9A53-4D62-910E-984AF8E06AFC}.Release|Any CPU.Build.0 = Release|Any CPU
		{BE7A52F4-9A53-4D62-910E-984AF8E06AFC}.Release|x64.ActiveCfg = Release|Any CPU
		{BE7A52F4-9A53-4D62-910E-984AF8E06AFC}.Release|x64.Build.0 = Release|Any CPU
		{BE7A52F4-9A53-4D62-910E-984AF8E06AFC}.Release|x86.ActiveCfg = Release|Any CPU
		{BE7A52F4-9A53-4D62-910E-984AF8E06AFC}.Release|x86.Build.0 = Release|Any CPU
		{FF8E8C05-5A8D-4976-BFD8-C9B251EC639E}.Debug|Any CPU.ActiveCfg = Debug|Any CPU
		{FF8E8C05-5A8D-4976-BFD8-C9B251EC639E}.Debug|Any CPU.Build.0 = Debug|Any CPU
		{FF8E8C05-5A8D-4976-BFD8-C9B251EC639E}.Debug|x64.ActiveCfg = Debug|Any CPU
		{FF8E8C05-5A8D-4976-BFD8-C9B251EC639E}.Debug|x64.Build.0 = Debug|Any CPU
		{FF8E8C05-5A8D-4976-BFD8-C9B251EC639E}.Debug|x86.ActiveCfg = Debug|Any CPU
		{FF8E8C05-5A8D-4976-BFD8-C9B251EC639E}.Debug|x86.Build.0 = Debug|Any CPU
		{FF8E8C05-5A8D-4976-BFD8-C9B251EC639E}.Release|Any CPU.ActiveCfg = Release|Any CPU
		{FF8E8C05-5A8D-4976-BFD8-C9B251EC639E}.Release|Any CPU.Build.0 = Release|Any CPU
		{FF8E8C05-5A8D-4976-BFD8-C9B251EC639E}.Release|x64.ActiveCfg = Release|Any CPU
		{FF8E8C05-5A8D-4976-BFD8-C9B251EC639E}.Release|x64.Build.0 = Release|Any CPU
		{FF8E8C05-5A8D-4976-BFD8-C9B251EC639E}.Release|x86.ActiveCfg = Release|Any CPU
		{FF8E8C05-5A8D-4976-BFD8-C9B251EC639E}.Release|x86.Build.0 = Release|Any CPU
		{AF2590B8-A14C-43A3-94F2-FEE4D5F28E1C}.Debug|Any CPU.ActiveCfg = Debug|Any CPU
		{AF2590B8-A14C-43A3-94F2-FEE4D5F28E1C}.Debug|Any CPU.Build.0 = Debug|Any CPU
		{AF2590B8-A14C-43A3-94F2-FEE4D5F28E1C}.Debug|x64.ActiveCfg = Debug|Any CPU
		{AF2590B8-A14C-43A3-94F2-FEE4D5F28E1C}.Debug|x64.Build.0 = Debug|Any CPU
		{AF2590B8-A14C-43A3-94F2-FEE4D5F28E1C}.Debug|x86.ActiveCfg = Debug|Any CPU
		{AF2590B8-A14C-43A3-94F2-FEE4D5F28E1C}.Debug|x86.Build.0 = Debug|Any CPU
		{AF2590B8-A14C-43A3-94F2-FEE4D5F28E1C}.Release|Any CPU.ActiveCfg = Release|Any CPU
		{AF2590B8-A14C-43A3-94F2-FEE4D5F28E1C}.Release|Any CPU.Build.0 = Release|Any CPU
		{AF2590B8-A14C-43A3-94F2-FEE4D5F28E1C}.Release|x64.ActiveCfg = Release|Any CPU
		{AF2590B8-A14C-43A3-94F2-FEE4D5F28E1C}.Release|x64.Build.0 = Release|Any CPU
		{AF2590B8-A14C-43A3-94F2-FEE4D5F28E1C}.Release|x86.ActiveCfg = Release|Any CPU
		{AF2590B8-A14C-43A3-94F2-FEE4D5F28E1C}.Release|x86.Build.0 = Release|Any CPU
	EndGlobalSection
	GlobalSection(SolutionProperties) = preSolution
		HideSolutionNode = FALSE
	EndGlobalSection
EndGlobal
